
Microsoft Visual Studio Solution File, Format Version 12.00
# Visual Studio 2013
VisualStudioVersion = 12.0.40629.0
MinimumVisualStudioVersion = 10.0.40219.1
Project("{FAE04EC0-301F-11D3-BF4B-00C04F79EFBC}") = "Vista", "Proyectos\Vista.csproj", "{4F045EA2-EF03-4CE5-B867-C4C59E643D47}"
EndProject
Project("{FAE04EC0-301F-11D3-BF4B-00C04F79EFBC}") = "Entidades", "Entidades\Entidades.csproj", "{37B95304-EE06-440E-AC71-A9370A214AA7}"
EndProject
Project("{FAE04EC0-301F-11D3-BF4B-00C04F79EFBC}") = "Datos", "Datos\Datos.csproj", "{4ECF2395-1BD5-4361-8F9A-577227E3D7F2}"
EndProject
Project("{FAE04EC0-301F-11D3-BF4B-00C04F79EFBC}") = "Negocio", "Negocio\Negocio.csproj", "{644EB2A0-DC36-4411-866A-6F333C123E20}"
EndProject
Global
	GlobalSection(SolutionConfigurationPlatforms) = preSolution
		Debug|Any CPU = Debug|Any CPU
		Release|Any CPU = Release|Any CPU
	EndGlobalSection
	GlobalSection(ProjectConfigurationPlatforms) = postSolution
		{4F045EA2-EF03-4CE5-B867-C4C59E643D47}.Debug|Any CPU.ActiveCfg = Debug|Any CPU
		{4F045EA2-EF03-4CE5-B867-C4C59E643D47}.Debug|Any CPU.Build.0 = Debug|Any CPU
		{4F045EA2-EF03-4CE5-B867-C4C59E643D47}.Release|Any CPU.ActiveCfg = Release|Any CPU
		{4F045EA2-EF03-4CE5-B867-C4C59E643D47}.Release|Any CPU.Build.0 = Release|Any CPU
		{37B95304-EE06-440E-AC71-A9370A214AA7}.Debug|Any CPU.ActiveCfg = Debug|Any CPU
		{37B95304-EE06-440E-AC71-A9370A214AA7}.Debug|Any CPU.Build.0 = Debug|Any CPU
		{37B95304-EE06-440E-AC71-A9370A214AA7}.Release|Any CPU.ActiveCfg = Release|Any CPU
		{37B95304-EE06-440E-AC71-A9370A214AA7}.Release|Any CPU.Build.0 = Release|Any CPU
		{4ECF2395-1BD5-4361-8F9A-577227E3D7F2}.Debug|Any CPU.ActiveCfg = Debug|Any CPU
		{4ECF2395-1BD5-4361-8F9A-577227E3D7F2}.Debug|Any CPU.Build.0 = Debug|Any CPU
		{4ECF2395-1BD5-4361-8F9A-577227E3D7F2}.Release|Any CPU.ActiveCfg = Release|Any CPU
		{4ECF2395-1BD5-4361-8F9A-577227E3D7F2}.Release|Any CPU.Build.0 = Release|Any CPU
		{644EB2A0-DC36-4411-866A-6F333C123E20}.Debug|Any CPU.ActiveCfg = Debug|Any CPU
		{644EB2A0-DC36-4411-866A-6F333C123E20}.Debug|Any CPU.Build.0 = Debug|Any CPU
		{644EB2A0-DC36-4411-866A-6F333C123E20}.Release|Any CPU.ActiveCfg = Release|Any CPU
		{644EB2A0-DC36-4411-866A-6F333C123E20}.Release|Any CPU.Build.0 = Release|Any CPU
	EndGlobalSection
	GlobalSection(SolutionProperties) = preSolution
		HideSolutionNode = FALSE
	EndGlobalSection
EndGlobal
